
Microsoft Visual Studio Solution File, Format Version 12.00
# Visual Studio 15
VisualStudioVersion = 15.0.28010.2019
MinimumVisualStudioVersion = 10.0.40219.1
Project("{8BC9CEB8-8B4A-11D0-8D11-00A0C91BC942}") = "TermProject_v3", "TermProject_v3\TermProject_v3.vcxproj", "{62314080-5FD5-405D-8A3D-BAB0C2FFC8DC}"
EndProject
Global
	GlobalSection(SolutionConfigurationPlatforms) = preSolution
		Debug|x64 = Debug|x64
		Debug|x86 = Debug|x86
		Release|x64 = Release|x64
		Release|x86 = Release|x86
	EndGlobalSection
	GlobalSection(ProjectConfigurationPlatforms) = postSolution
		{62314080-5FD5-405D-8A3D-BAB0C2FFC8DC}.Debug|x64.ActiveCfg = Debug|x64
		{62314080-5FD5-405D-8A3D-BAB0C2FFC8DC}.Debug|x64.Build.0 = Debug|x64
		{62314080-5FD5-405D-8A3D-BAB0C2FFC8DC}.Debug|x86.ActiveCfg = Debug|Win32
		{62314080-5FD5-405D-8A3D-BAB0C2FFC8DC}.Debug|x86.Build.0 = Debug|Win32
		{62314080-5FD5-405D-8A3D-BAB0C2FFC8DC}.Release|x64.ActiveCfg = Release|x64
		{62314080-5FD5-405D-8A3D-BAB0C2FFC8DC}.Release|x64.Build.0 = Release|x64
		{62314080-5FD5-405D-8A3D-BAB0C2FFC8DC}.Release|x86.ActiveCfg = Release|Win32
		{62314080-5FD5-405D-8A3D-BAB0C2FFC8DC}.Release|x86.Build.0 = Release|Win32
	EndGlobalSection
	GlobalSection(SolutionProperties) = preSolution
		HideSolutionNode = FALSE
	EndGlobalSection
	GlobalSection(ExtensibilityGlobals) = postSolution
		SolutionGuid = {37BE95CE-10B2-4738-82CB-659FE4919719}
	EndGlobalSection
EndGlobal
